// !$*UTF8*$!
{
	archiveVersion = 1;
	classes = {
	};
	objectVersion = 56;
	objects = {

/* Begin PBXBuildFile section */
		34593C75296613B4008B59EC /* FirebaseAuth in Frameworks */ = {isa = PBXBuildFile; productRef = 34593C74296613B4008B59EC /* FirebaseAuth */; };
		34593C77296613B4008B59EC /* FirebaseFirestore in Frameworks */ = {isa = PBXBuildFile; productRef = 34593C76296613B4008B59EC /* FirebaseFirestore */; };
		34593C79296613B4008B59EC /* FirebaseStorage in Frameworks */ = {isa = PBXBuildFile; productRef = 34593C78296613B4008B59EC /* FirebaseStorage */; };
		34593C7C296613DA008B59EC /* FirebaseAnalytics in Frameworks */ = {isa = PBXBuildFile; productRef = 34593C7B296613DA008B59EC /* FirebaseAnalytics */; };
		34593C7E296613E5008B59EC /* FirebaseFirestoreSwift in Frameworks */ = {isa = PBXBuildFile; productRef = 34593C7D296613E5008B59EC /* FirebaseFirestoreSwift */; };
		34593C80296613F4008B59EC /* FirebaseMessaging in Frameworks */ = {isa = PBXBuildFile; productRef = 34593C7F296613F4008B59EC /* FirebaseMessaging */; };
		34593C8229661417008B59EC /* GoogleService-Info.plist in Resources */ = {isa = PBXBuildFile; fileRef = 34593C8129661417008B59EC /* GoogleService-Info.plist */; };
		34C8936C2962077A00ADF788 /* CrewlApp.swift in Sources */ = {isa = PBXBuildFile; fileRef = 34C8936B2962077A00ADF788 /* CrewlApp.swift */; };
		34C893732962077C00ADF788 /* Preview Assets.xcassets in Resources */ = {isa = PBXBuildFile; fileRef = 34C893722962077C00ADF788 /* Preview Assets.xcassets */; };
		34DB84DB2966B6C7004D47E7 /* SplashView.swift in Sources */ = {isa = PBXBuildFile; fileRef = 34DB84DA2966B6C7004D47E7 /* SplashView.swift */; };
		34DB84DD2966B80B004D47E7 /* firstOnboardingView.swift in Sources */ = {isa = PBXBuildFile; fileRef = 34DB84DC2966B80B004D47E7 /* firstOnboardingView.swift */; };
		34DB84E52966C1C8004D47E7 /* ButtonStyle.swift in Sources */ = {isa = PBXBuildFile; fileRef = 34DB84E42966C1C8004D47E7 /* ButtonStyle.swift */; };
		34DB84E72966C22A004D47E7 /* SetFont.swift in Sources */ = {isa = PBXBuildFile; fileRef = 34DB84E62966C22A004D47E7 /* SetFont.swift */; };
		34DB84EA2966C93D004D47E7 /* FontManager.swift in Sources */ = {isa = PBXBuildFile; fileRef = 34DB84E92966C93D004D47E7 /* FontManager.swift */; };
		34DB84FB2966E895004D47E7 /* SetColor.swift in Sources */ = {isa = PBXBuildFile; fileRef = 34DB84FA2966E895004D47E7 /* SetColor.swift */; };
		34DB84FE2966E976004D47E7 /* secondOnboardingView.swift in Sources */ = {isa = PBXBuildFile; fileRef = 34DB84FD2966E976004D47E7 /* secondOnboardingView.swift */; };
		34DB85002966E9A1004D47E7 /* thirdOnboardingView.swift in Sources */ = {isa = PBXBuildFile; fileRef = 34DB84FF2966E9A1004D47E7 /* thirdOnboardingView.swift */; };
		34DB85042966EA37004D47E7 /* Assets.xcassets in Resources */ = {isa = PBXBuildFile; fileRef = 34DB85032966EA37004D47E7 /* Assets.xcassets */; };
		34DB850A2966EAB1004D47E7 /* SpaceGrotesk-Light.ttf in Resources */ = {isa = PBXBuildFile; fileRef = 34DB85052966EAB0004D47E7 /* SpaceGrotesk-Light.ttf */; };
		34DB850B2966EAB1004D47E7 /* SpaceGrotesk-SemiBold.ttf in Resources */ = {isa = PBXBuildFile; fileRef = 34DB85062966EAB0004D47E7 /* SpaceGrotesk-SemiBold.ttf */; };
		34DB850C2966EAB1004D47E7 /* SpaceGrotesk-Medium.ttf in Resources */ = {isa = PBXBuildFile; fileRef = 34DB85072966EAB0004D47E7 /* SpaceGrotesk-Medium.ttf */; };
		34DB850D2966EAB1004D47E7 /* SpaceGrotesk-Regular.ttf in Resources */ = {isa = PBXBuildFile; fileRef = 34DB85082966EAB0004D47E7 /* SpaceGrotesk-Regular.ttf */; };
		34DB850E2966EAB1004D47E7 /* SpaceGrotesk-Bold.ttf in Resources */ = {isa = PBXBuildFile; fileRef = 34DB85092966EAB1004D47E7 /* SpaceGrotesk-Bold.ttf */; };
		34DB85102966EDED004D47E7 /* fourthOnboardingView.swift in Sources */ = {isa = PBXBuildFile; fileRef = 34DB850F2966EDED004D47E7 /* fourthOnboardingView.swift */; };
		34DB85122966EE9C004D47E7 /* Pre_HomeView.swift in Sources */ = {isa = PBXBuildFile; fileRef = 34DB85112966EE9C004D47E7 /* Pre_HomeView.swift */; };
/* End PBXBuildFile section */

/* Begin PBXFileReference section */
		34593C8129661417008B59EC /* GoogleService-Info.plist */ = {isa = PBXFileReference; fileEncoding = 4; lastKnownFileType = text.plist.xml; path = "GoogleService-Info.plist"; sourceTree = "<group>"; };
		34C893682962077A00ADF788 /* Crewl.app */ = {isa = PBXFileReference; explicitFileType = wrapper.application; includeInIndex = 0; path = Crewl.app; sourceTree = BUILT_PRODUCTS_DIR; };
		34C8936B2962077A00ADF788 /* CrewlApp.swift */ = {isa = PBXFileReference; lastKnownFileType = sourcecode.swift; path = CrewlApp.swift; sourceTree = "<group>"; };
		34C893722962077C00ADF788 /* Preview Assets.xcassets */ = {isa = PBXFileReference; lastKnownFileType = folder.assetcatalog; path = "Preview Assets.xcassets"; sourceTree = "<group>"; };
		34DB84DA2966B6C7004D47E7 /* SplashView.swift */ = {isa = PBXFileReference; lastKnownFileType = sourcecode.swift; path = SplashView.swift; sourceTree = "<group>"; };
		34DB84DC2966B80B004D47E7 /* firstOnboardingView.swift */ = {isa = PBXFileReference; lastKnownFileType = sourcecode.swift; path = firstOnboardingView.swift; sourceTree = "<group>"; };
		34DB84E42966C1C8004D47E7 /* ButtonStyle.swift */ = {isa = PBXFileReference; lastKnownFileType = sourcecode.swift; path = ButtonStyle.swift; sourceTree = "<group>"; };
		34DB84E62966C22A004D47E7 /* SetFont.swift */ = {isa = PBXFileReference; lastKnownFileType = sourcecode.swift; path = SetFont.swift; sourceTree = "<group>"; };
		34DB84E82966C30B004D47E7 /* Info.plist */ = {isa = PBXFileReference; lastKnownFileType = text.plist; path = Info.plist; sourceTree = "<group>"; };
		34DB84E92966C93D004D47E7 /* FontManager.swift */ = {isa = PBXFileReference; lastKnownFileType = sourcecode.swift; path = FontManager.swift; sourceTree = "<group>"; };
		34DB84EC2966D99B004D47E7 /* ToDo.md */ = {isa = PBXFileReference; lastKnownFileType = net.daringfireball.markdown; path = ToDo.md; sourceTree = "<group>"; };
		34DB84FA2966E895004D47E7 /* SetColor.swift */ = {isa = PBXFileReference; lastKnownFileType = sourcecode.swift; path = SetColor.swift; sourceTree = "<group>"; };
		34DB84FD2966E976004D47E7 /* secondOnboardingView.swift */ = {isa = PBXFileReference; lastKnownFileType = sourcecode.swift; path = secondOnboardingView.swift; sourceTree = "<group>"; };
		34DB84FF2966E9A1004D47E7 /* thirdOnboardingView.swift */ = {isa = PBXFileReference; lastKnownFileType = sourcecode.swift; path = thirdOnboardingView.swift; sourceTree = "<group>"; };
		34DB85032966EA37004D47E7 /* Assets.xcassets */ = {isa = PBXFileReference; lastKnownFileType = folder.assetcatalog; name = Assets.xcassets; path = Crewl/Assets.xcassets; sourceTree = SOURCE_ROOT; };
		34DB85052966EAB0004D47E7 /* SpaceGrotesk-Light.ttf */ = {isa = PBXFileReference; lastKnownFileType = file; path = "SpaceGrotesk-Light.ttf"; sourceTree = "<group>"; };
		34DB85062966EAB0004D47E7 /* SpaceGrotesk-SemiBold.ttf */ = {isa = PBXFileReference; lastKnownFileType = file; path = "SpaceGrotesk-SemiBold.ttf"; sourceTree = "<group>"; };
		34DB85072966EAB0004D47E7 /* SpaceGrotesk-Medium.ttf */ = {isa = PBXFileReference; lastKnownFileType = file; path = "SpaceGrotesk-Medium.ttf"; sourceTree = "<group>"; };
		34DB85082966EAB0004D47E7 /* SpaceGrotesk-Regular.ttf */ = {isa = PBXFileReference; lastKnownFileType = file; path = "SpaceGrotesk-Regular.ttf"; sourceTree = "<group>"; };
		34DB85092966EAB1004D47E7 /* SpaceGrotesk-Bold.ttf */ = {isa = PBXFileReference; lastKnownFileType = file; path = "SpaceGrotesk-Bold.ttf"; sourceTree = "<group>"; };
		34DB850F2966EDED004D47E7 /* fourthOnboardingView.swift */ = {isa = PBXFileReference; lastKnownFileType = sourcecode.swift; path = fourthOnboardingView.swift; sourceTree = "<group>"; };
		34DB85112966EE9C004D47E7 /* Pre_HomeView.swift */ = {isa = PBXFileReference; lastKnownFileType = sourcecode.swift; path = Pre_HomeView.swift; sourceTree = "<group>"; };
/* End PBXFileReference section */

/* Begin PBXFrameworksBuildPhase section */
		34C893652962077A00ADF788 /* Frameworks */ = {
			isa = PBXFrameworksBuildPhase;
			buildActionMask = 2147483647;
			files = (
				34593C80296613F4008B59EC /* FirebaseMessaging in Frameworks */,
				34593C7E296613E5008B59EC /* FirebaseFirestoreSwift in Frameworks */,
				34593C75296613B4008B59EC /* FirebaseAuth in Frameworks */,
				34593C77296613B4008B59EC /* FirebaseFirestore in Frameworks */,
				34593C7C296613DA008B59EC /* FirebaseAnalytics in Frameworks */,
				34593C79296613B4008B59EC /* FirebaseStorage in Frameworks */,
			);
			runOnlyForDeploymentPostprocessing = 0;
		};
/* End PBXFrameworksBuildPhase section */

/* Begin PBXGroup section */
		34593C6E296610A1008B59EC /* View */ = {
			isa = PBXGroup;
			children = (
				34DB84D92966B6A9004D47E7 /* Onboarding */,
			);
			path = View;
			sourceTree = "<group>";
		};
		34593C6F296610A7008B59EC /* Router */ = {
			isa = PBXGroup;
			children = (
			);
			path = Router;
			sourceTree = "<group>";
		};
		34593C70296610AE008B59EC /* Entity */ = {
			isa = PBXGroup;
			children = (
				34DB84EF2966E463004D47E7 /* SpaceGrotestFonts */,
				34DB85032966EA37004D47E7 /* Assets.xcassets */,
			);
			path = Entity;
			sourceTree = "<group>";
		};
		34593C71296610BC008B59EC /* Presenter */ = {
			isa = PBXGroup;
			children = (
				34DB84EB2966D489004D47E7 /* Manager */,
				34DB84E42966C1C8004D47E7 /* ButtonStyle.swift */,
			);
			path = Presenter;
			sourceTree = "<group>";
		};
		34593C72296610C5008B59EC /* Interector */ = {
			isa = PBXGroup;
			children = (
				34DB84FC2966E93A004D47E7 /* SetFiles */,
			);
			path = Interector;
			sourceTree = "<group>";
		};
		34C8935F2962077A00ADF788 = {
			isa = PBXGroup;
			children = (
				34C8936A2962077A00ADF788 /* Crewl */,
				34C893692962077A00ADF788 /* Products */,
			);
			sourceTree = "<group>";
		};
		34C893692962077A00ADF788 /* Products */ = {
			isa = PBXGroup;
			children = (
				34C893682962077A00ADF788 /* Crewl.app */,
			);
			name = Products;
			sourceTree = "<group>";
		};
		34C8936A2962077A00ADF788 /* Crewl */ = {
			isa = PBXGroup;
			children = (
				34DB84EC2966D99B004D47E7 /* ToDo.md */,
				34DB84E82966C30B004D47E7 /* Info.plist */,
				34593C8129661417008B59EC /* GoogleService-Info.plist */,
				34C8936B2962077A00ADF788 /* CrewlApp.swift */,
				34593C6E296610A1008B59EC /* View */,
				34593C72296610C5008B59EC /* Interector */,
				34593C71296610BC008B59EC /* Presenter */,
				34593C70296610AE008B59EC /* Entity */,
				34593C6F296610A7008B59EC /* Router */,
				34C893712962077C00ADF788 /* Preview Content */,
			);
			path = Crewl;
			sourceTree = "<group>";
		};
		34C893712962077C00ADF788 /* Preview Content */ = {
			isa = PBXGroup;
			children = (
				34C893722962077C00ADF788 /* Preview Assets.xcassets */,
			);
			path = "Preview Content";
			sourceTree = "<group>";
		};
		34DB84D92966B6A9004D47E7 /* Onboarding */ = {
			isa = PBXGroup;
			children = (
				34DB84DA2966B6C7004D47E7 /* SplashView.swift */,
				34DB84DC2966B80B004D47E7 /* firstOnboardingView.swift */,
				34DB84FD2966E976004D47E7 /* secondOnboardingView.swift */,
				34DB84FF2966E9A1004D47E7 /* thirdOnboardingView.swift */,
				34DB850F2966EDED004D47E7 /* fourthOnboardingView.swift */,
				34DB85112966EE9C004D47E7 /* Pre_HomeView.swift */,
			);
			path = Onboarding;
			sourceTree = "<group>";
		};
		34DB84EB2966D489004D47E7 /* Manager */ = {
			isa = PBXGroup;
			children = (
				34DB84E92966C93D004D47E7 /* FontManager.swift */,
			);
			path = Manager;
			sourceTree = "<group>";
		};
		34DB84EF2966E463004D47E7 /* SpaceGrotestFonts */ = {
			isa = PBXGroup;
			children = (
				34DB85092966EAB1004D47E7 /* SpaceGrotesk-Bold.ttf */,
				34DB85052966EAB0004D47E7 /* SpaceGrotesk-Light.ttf */,
				34DB85072966EAB0004D47E7 /* SpaceGrotesk-Medium.ttf */,
				34DB85082966EAB0004D47E7 /* SpaceGrotesk-Regular.ttf */,
				34DB85062966EAB0004D47E7 /* SpaceGrotesk-SemiBold.ttf */,
			);
			path = SpaceGrotestFonts;
			sourceTree = "<group>";
		};
		34DB84FC2966E93A004D47E7 /* SetFiles */ = {
			isa = PBXGroup;
			children = (
				34DB84E62966C22A004D47E7 /* SetFont.swift */,
				34DB84FA2966E895004D47E7 /* SetColor.swift */,
			);
			path = SetFiles;
			sourceTree = "<group>";
		};
/* End PBXGroup section */

/* Begin PBXNativeTarget section */
		34C893672962077A00ADF788 /* Crewl */ = {
			isa = PBXNativeTarget;
			buildConfigurationList = 34C893762962077C00ADF788 /* Build configuration list for PBXNativeTarget "Crewl" */;
			buildPhases = (
				34C893642962077A00ADF788 /* Sources */,
				34C893652962077A00ADF788 /* Frameworks */,
				34C893662962077A00ADF788 /* Resources */,
			);
			buildRules = (
			);
			dependencies = (
			);
			name = Crewl;
			packageProductDependencies = (
				34593C74296613B4008B59EC /* FirebaseAuth */,
				34593C76296613B4008B59EC /* FirebaseFirestore */,
				34593C78296613B4008B59EC /* FirebaseStorage */,
				34593C7B296613DA008B59EC /* FirebaseAnalytics */,
				34593C7D296613E5008B59EC /* FirebaseFirestoreSwift */,
				34593C7F296613F4008B59EC /* FirebaseMessaging */,
			);
			productName = Crewl;
			productReference = 34C893682962077A00ADF788 /* Crewl.app */;
			productType = "com.apple.product-type.application";
		};
/* End PBXNativeTarget section */

/* Begin PBXProject section */
		34C893602962077A00ADF788 /* Project object */ = {
			isa = PBXProject;
			attributes = {
				BuildIndependentTargetsInParallel = 1;
				LastSwiftUpdateCheck = 1410;
				LastUpgradeCheck = 1410;
				TargetAttributes = {
					34C893672962077A00ADF788 = {
						CreatedOnToolsVersion = 14.1;
					};
				};
			};
			buildConfigurationList = 34C893632962077A00ADF788 /* Build configuration list for PBXProject "Crewl" */;
			compatibilityVersion = "Xcode 14.0";
			developmentRegion = en;
			hasScannedForEncodings = 0;
			knownRegions = (
				en,
				Base,
			);
			mainGroup = 34C8935F2962077A00ADF788;
			packageReferences = (
				34593C73296613B3008B59EC /* XCRemoteSwiftPackageReference "firebase-ios-sdk" */,
			);
			productRefGroup = 34C893692962077A00ADF788 /* Products */;
			projectDirPath = "";
			projectRoot = "";
			targets = (
				34C893672962077A00ADF788 /* Crewl */,
			);
		};
/* End PBXProject section */

/* Begin PBXResourcesBuildPhase section */
		34C893662962077A00ADF788 /* Resources */ = {
			isa = PBXResourcesBuildPhase;
			buildActionMask = 2147483647;
			files = (
				34DB850B2966EAB1004D47E7 /* SpaceGrotesk-SemiBold.ttf in Resources */,
				34C893732962077C00ADF788 /* Preview Assets.xcassets in Resources */,
				34DB850E2966EAB1004D47E7 /* SpaceGrotesk-Bold.ttf in Resources */,
				34DB850D2966EAB1004D47E7 /* SpaceGrotesk-Regular.ttf in Resources */,
				34DB850C2966EAB1004D47E7 /* SpaceGrotesk-Medium.ttf in Resources */,
				34DB85042966EA37004D47E7 /* Assets.xcassets in Resources */,
				34DB850A2966EAB1004D47E7 /* SpaceGrotesk-Light.ttf in Resources */,
				34593C8229661417008B59EC /* GoogleService-Info.plist in Resources */,
			);
			runOnlyForDeploymentPostprocessing = 0;
		};
/* End PBXResourcesBuildPhase section */

/* Begin PBXSourcesBuildPhase section */
		34C893642962077A00ADF788 /* Sources */ = {
			isa = PBXSourcesBuildPhase;
			buildActionMask = 2147483647;
			files = (
				34DB84E72966C22A004D47E7 /* SetFont.swift in Sources */,
				34DB85002966E9A1004D47E7 /* thirdOnboardingView.swift in Sources */,
				34C8936C2962077A00ADF788 /* CrewlApp.swift in Sources */,
				34DB84FB2966E895004D47E7 /* SetColor.swift in Sources */,
				34DB84E52966C1C8004D47E7 /* ButtonStyle.swift in Sources */,
				34DB84DD2966B80B004D47E7 /* firstOnboardingView.swift in Sources */,
				34DB84EA2966C93D004D47E7 /* FontManager.swift in Sources */,
				34DB85102966EDED004D47E7 /* fourthOnboardingView.swift in Sources */,
				34DB85122966EE9C004D47E7 /* Pre_HomeView.swift in Sources */,
				34DB84DB2966B6C7004D47E7 /* SplashView.swift in Sources */,
				34DB84FE2966E976004D47E7 /* secondOnboardingView.swift in Sources */,
			);
			runOnlyForDeploymentPostprocessing = 0;
		};
/* End PBXSourcesBuildPhase section */

/* Begin XCBuildConfiguration section */
		34C893742962077C00ADF788 /* Debug */ = {
			isa = XCBuildConfiguration;
			buildSettings = {
				ALWAYS_SEARCH_USER_PATHS = NO;
				CLANG_ANALYZER_NONNULL = YES;
				CLANG_ANALYZER_NUMBER_OBJECT_CONVERSION = YES_AGGRESSIVE;
				CLANG_CXX_LANGUAGE_STANDARD = "gnu++20";
				CLANG_ENABLE_MODULES = YES;
				CLANG_ENABLE_OBJC_ARC = YES;
				CLANG_ENABLE_OBJC_WEAK = YES;
				CLANG_WARN_BLOCK_CAPTURE_AUTORELEASING = YES;
				CLANG_WARN_BOOL_CONVERSION = YES;
				CLANG_WARN_COMMA = YES;
				CLANG_WARN_CONSTANT_CONVERSION = YES;
				CLANG_WARN_DEPRECATED_OBJC_IMPLEMENTATIONS = YES;
				CLANG_WARN_DIRECT_OBJC_ISA_USAGE = YES_ERROR;
				CLANG_WARN_DOCUMENTATION_COMMENTS = YES;
				CLANG_WARN_EMPTY_BODY = YES;
				CLANG_WARN_ENUM_CONVERSION = YES;
				CLANG_WARN_INFINITE_RECURSION = YES;
				CLANG_WARN_INT_CONVERSION = YES;
				CLANG_WARN_NON_LITERAL_NULL_CONVERSION = YES;
				CLANG_WARN_OBJC_IMPLICIT_RETAIN_SELF = YES;
				CLANG_WARN_OBJC_LITERAL_CONVERSION = YES;
				CLANG_WARN_OBJC_ROOT_CLASS = YES_ERROR;
				CLANG_WARN_QUOTED_INCLUDE_IN_FRAMEWORK_HEADER = YES;
				CLANG_WARN_RANGE_LOOP_ANALYSIS = YES;
				CLANG_WARN_STRICT_PROTOTYPES = YES;
				CLANG_WARN_SUSPICIOUS_MOVE = YES;
				CLANG_WARN_UNGUARDED_AVAILABILITY = YES_AGGRESSIVE;
				CLANG_WARN_UNREACHABLE_CODE = YES;
				CLANG_WARN__DUPLICATE_METHOD_MATCH = YES;
				COPY_PHASE_STRIP = NO;
				DEBUG_INFORMATION_FORMAT = dwarf;
				ENABLE_STRICT_OBJC_MSGSEND = YES;
				ENABLE_TESTABILITY = YES;
				GCC_C_LANGUAGE_STANDARD = gnu11;
				GCC_DYNAMIC_NO_PIC = NO;
				GCC_NO_COMMON_BLOCKS = YES;
				GCC_OPTIMIZATION_LEVEL = 0;
				GCC_PREPROCESSOR_DEFINITIONS = (
					"DEBUG=1",
					"$(inherited)",
				);
				GCC_WARN_64_TO_32_BIT_CONVERSION = YES;
				GCC_WARN_ABOUT_RETURN_TYPE = YES_ERROR;
				GCC_WARN_UNDECLARED_SELECTOR = YES;
				GCC_WARN_UNINITIALIZED_AUTOS = YES_AGGRESSIVE;
				GCC_WARN_UNUSED_FUNCTION = YES;
				GCC_WARN_UNUSED_VARIABLE = YES;
				IPHONEOS_DEPLOYMENT_TARGET = 16.1;
				MTL_ENABLE_DEBUG_INFO = INCLUDE_SOURCE;
				MTL_FAST_MATH = YES;
				ONLY_ACTIVE_ARCH = YES;
				SDKROOT = iphoneos;
				SWIFT_ACTIVE_COMPILATION_CONDITIONS = DEBUG;
				SWIFT_OPTIMIZATION_LEVEL = "-Onone";
			};
			name = Debug;
		};
		34C893752962077C00ADF788 /* Release */ = {
			isa = XCBuildConfiguration;
			buildSettings = {
				ALWAYS_SEARCH_USER_PATHS = NO;
				CLANG_ANALYZER_NONNULL = YES;
				CLANG_ANALYZER_NUMBER_OBJECT_CONVERSION = YES_AGGRESSIVE;
				CLANG_CXX_LANGUAGE_STANDARD = "gnu++20";
				CLANG_ENABLE_MODULES = YES;
				CLANG_ENABLE_OBJC_ARC = YES;
				CLANG_ENABLE_OBJC_WEAK = YES;
				CLANG_WARN_BLOCK_CAPTURE_AUTORELEASING = YES;
				CLANG_WARN_BOOL_CONVERSION = YES;
				CLANG_WARN_COMMA = YES;
				CLANG_WARN_CONSTANT_CONVERSION = YES;
				CLANG_WARN_DEPRECATED_OBJC_IMPLEMENTATIONS = YES;
				CLANG_WARN_DIRECT_OBJC_ISA_USAGE = YES_ERROR;
				CLANG_WARN_DOCUMENTATION_COMMENTS = YES;
				CLANG_WARN_EMPTY_BODY = YES;
				CLANG_WARN_ENUM_CONVERSION = YES;
				CLANG_WARN_INFINITE_RECURSION = YES;
				CLANG_WARN_INT_CONVERSION = YES;
				CLANG_WARN_NON_LITERAL_NULL_CONVERSION = YES;
				CLANG_WARN_OBJC_IMPLICIT_RETAIN_SELF = YES;
				CLANG_WARN_OBJC_LITERAL_CONVERSION = YES;
				CLANG_WARN_OBJC_ROOT_CLASS = YES_ERROR;
				CLANG_WARN_QUOTED_INCLUDE_IN_FRAMEWORK_HEADER = YES;
				CLANG_WARN_RANGE_LOOP_ANALYSIS = YES;
				CLANG_WARN_STRICT_PROTOTYPES = YES;
				CLANG_WARN_SUSPICIOUS_MOVE = YES;
				CLANG_WARN_UNGUARDED_AVAILABILITY = YES_AGGRESSIVE;
				CLANG_WARN_UNREACHABLE_CODE = YES;
				CLANG_WARN__DUPLICATE_METHOD_MATCH = YES;
				COPY_PHASE_STRIP = NO;
				DEBUG_INFORMATION_FORMAT = "dwarf-with-dsym";
				ENABLE_NS_ASSERTIONS = NO;
				ENABLE_STRICT_OBJC_MSGSEND = YES;
				GCC_C_LANGUAGE_STANDARD = gnu11;
				GCC_NO_COMMON_BLOCKS = YES;
				GCC_WARN_64_TO_32_BIT_CONVERSION = YES;
				GCC_WARN_ABOUT_RETURN_TYPE = YES_ERROR;
				GCC_WARN_UNDECLARED_SELECTOR = YES;
				GCC_WARN_UNINITIALIZED_AUTOS = YES_AGGRESSIVE;
				GCC_WARN_UNUSED_FUNCTION = YES;
				GCC_WARN_UNUSED_VARIABLE = YES;
				IPHONEOS_DEPLOYMENT_TARGET = 16.1;
				MTL_ENABLE_DEBUG_INFO = NO;
				MTL_FAST_MATH = YES;
				SDKROOT = iphoneos;
				SWIFT_COMPILATION_MODE = wholemodule;
				SWIFT_OPTIMIZATION_LEVEL = "-O";
				VALIDATE_PRODUCT = YES;
			};
			name = Release;
		};
		34C893772962077C00ADF788 /* Debug */ = {
			isa = XCBuildConfiguration;
			buildSettings = {
				ASSETCATALOG_COMPILER_APPICON_NAME = CrewlAppIcon;
				ASSETCATALOG_COMPILER_GLOBAL_ACCENT_COLOR_NAME = AccentColor;
				CODE_SIGN_STYLE = Automatic;
				CURRENT_PROJECT_VERSION = 1;
				DEVELOPMENT_ASSET_PATHS = "\"Crewl/Preview Content\"";
				DEVELOPMENT_TEAM = MW2482B7WH;
				ENABLE_PREVIEWS = YES;
				GENERATE_INFOPLIST_FILE = YES;
				INFOPLIST_FILE = Crewl/Info.plist;
				INFOPLIST_KEY_UIApplicationSceneManifest_Generation = YES;
				INFOPLIST_KEY_UIApplicationSupportsIndirectInputEvents = YES;
				INFOPLIST_KEY_UILaunchScreen_Generation = YES;
				INFOPLIST_KEY_UIStatusBarStyle = UIStatusBarStyleDarkContent;
				INFOPLIST_KEY_UISupportedInterfaceOrientations = UIInterfaceOrientationPortrait;
				INFOPLIST_KEY_UISupportedInterfaceOrientations_iPad = "UIInterfaceOrientationLandscapeLeft UIInterfaceOrientationLandscapeRight UIInterfaceOrientationPortrait UIInterfaceOrientationPortraitUpsideDown";
				LD_RUNPATH_SEARCH_PATHS = (
					"$(inherited)",
					"@executable_path/Frameworks",
				);
				MARKETING_VERSION = 1.0;
				PRODUCT_BUNDLE_IDENTIFIER = NomoSiOS.Crewl;
				PRODUCT_NAME = "$(TARGET_NAME)";
				SUPPORTED_PLATFORMS = "iphoneos iphonesimulator";
				SUPPORTS_MACCATALYST = NO;
				SUPPORTS_MAC_DESIGNED_FOR_IPHONE_IPAD = NO;
				SWIFT_EMIT_LOC_STRINGS = YES;
				SWIFT_VERSION = 5.0;
				TARGETED_DEVICE_FAMILY = 1;
			};
			name = Debug;
		};
		34C893782962077C00ADF788 /* Release */ = {
			isa = XCBuildConfiguration;
			buildSettings = {
				ASSETCATALOG_COMPILER_APPICON_NAME = CrewlAppIcon;
				ASSETCATALOG_COMPILER_GLOBAL_ACCENT_COLOR_NAME = AccentColor;
				CODE_SIGN_STYLE = Automatic;
				CURRENT_PROJECT_VERSION = 1;
				DEVELOPMENT_ASSET_PATHS = "\"Crewl/Preview Content\"";
				DEVELOPMENT_TEAM = MW2482B7WH;
				ENABLE_PREVIEWS = YES;
				GENERATE_INFOPLIST_FILE = YES;
				INFOPLIST_FILE = Crewl/Info.plist;
				INFOPLIST_KEY_UIApplicationSceneManifest_Generation = YES;
				INFOPLIST_KEY_UIApplicationSupportsIndirectInputEvents = YES;
				INFOPLIST_KEY_UILaunchScreen_Generation = YES;
				INFOPLIST_KEY_UIStatusBarStyle = UIStatusBarStyleDarkContent;
				INFOPLIST_KEY_UISupportedInterfaceOrientations = UIInterfaceOrientationPortrait;
				INFOPLIST_KEY_UISupportedInterfaceOrientations_iPad = "UIInterfaceOrientationLandscapeLeft UIInterfaceOrientationLandscapeRight UIInterfaceOrientationPortrait UIInterfaceOrientationPortraitUpsideDown";
				LD_RUNPATH_SEARCH_PATHS = (
					"$(inherited)",
					"@executable_path/Frameworks",
				);
				MARKETING_VERSION = 1.0;
				PRODUCT_BUNDLE_IDENTIFIER = NomoSiOS.Crewl;
				PRODUCT_NAME = "$(TARGET_NAME)";
				SUPPORTED_PLATFORMS = "iphoneos iphonesimulator";
				SUPPORTS_MACCATALYST = NO;
				SUPPORTS_MAC_DESIGNED_FOR_IPHONE_IPAD = NO;
				SWIFT_EMIT_LOC_STRINGS = YES;
				SWIFT_VERSION = 5.0;
				TARGETED_DEVICE_FAMILY = 1;
			};
			name = Release;
		};
/* End XCBuildConfiguration section */

/* Begin XCConfigurationList section */
		34C893632962077A00ADF788 /* Build configuration list for PBXProject "Crewl" */ = {
			isa = XCConfigurationList;
			buildConfigurations = (
				34C893742962077C00ADF788 /* Debug */,
				34C893752962077C00ADF788 /* Release */,
			);
			defaultConfigurationIsVisible = 0;
			defaultConfigurationName = Release;
		};
		34C893762962077C00ADF788 /* Build configuration list for PBXNativeTarget "Crewl" */ = {
			isa = XCConfigurationList;
			buildConfigurations = (
				34C893772962077C00ADF788 /* Debug */,
				34C893782962077C00ADF788 /* Release */,
			);
			defaultConfigurationIsVisible = 0;
			defaultConfigurationName = Release;
		};
/* End XCConfigurationList section */

/* Begin XCRemoteSwiftPackageReference section */
		34593C73296613B3008B59EC /* XCRemoteSwiftPackageReference "firebase-ios-sdk" */ = {
			isa = XCRemoteSwiftPackageReference;
			repositoryURL = "https://github.com/firebase/firebase-ios-sdk";
			requirement = {
				branch = master;
				kind = branch;
			};
		};
/* End XCRemoteSwiftPackageReference section */

/* Begin XCSwiftPackageProductDependency section */
		34593C74296613B4008B59EC /* FirebaseAuth */ = {
			isa = XCSwiftPackageProductDependency;
			package = 34593C73296613B3008B59EC /* XCRemoteSwiftPackageReference "firebase-ios-sdk" */;
			productName = FirebaseAuth;
		};
		34593C76296613B4008B59EC /* FirebaseFirestore */ = {
			isa = XCSwiftPackageProductDependency;
			package = 34593C73296613B3008B59EC /* XCRemoteSwiftPackageReference "firebase-ios-sdk" */;
			productName = FirebaseFirestore;
		};
		34593C78296613B4008B59EC /* FirebaseStorage */ = {
			isa = XCSwiftPackageProductDependency;
			package = 34593C73296613B3008B59EC /* XCRemoteSwiftPackageReference "firebase-ios-sdk" */;
			productName = FirebaseStorage;
		};
		34593C7B296613DA008B59EC /* FirebaseAnalytics */ = {
			isa = XCSwiftPackageProductDependency;
			package = 34593C73296613B3008B59EC /* XCRemoteSwiftPackageReference "firebase-ios-sdk" */;
			productName = FirebaseAnalytics;
		};
		34593C7D296613E5008B59EC /* FirebaseFirestoreSwift */ = {
			isa = XCSwiftPackageProductDependency;
			package = 34593C73296613B3008B59EC /* XCRemoteSwiftPackageReference "firebase-ios-sdk" */;
			productName = FirebaseFirestoreSwift;
		};
		34593C7F296613F4008B59EC /* FirebaseMessaging */ = {
			isa = XCSwiftPackageProductDependency;
			package = 34593C73296613B3008B59EC /* XCRemoteSwiftPackageReference "firebase-ios-sdk" */;
			productName = FirebaseMessaging;
		};
/* End XCSwiftPackageProductDependency section */
	};
	rootObject = 34C893602962077A00ADF788 /* Project object */;
}
